
Microsoft Visual Studio Solution File, Format Version 12.00
# Visual Studio Version 17
VisualStudioVersion = 17.8.34525.116
MinimumVisualStudioVersion = 10.0.40219.1
Project("{FAE04EC0-301F-11D3-BF4B-00C04F79EFBC}") = "BookStoreApp.API", "BookStoreApp.API\BookStoreApp.API.csproj", "{008AB590-EDCB-47DA-A311-0B6D025BA263}"
EndProject
Global
	GlobalSection(SolutionConfigurationPlatforms) = preSolution
		Debug|Any CPU = Debug|Any CPU
		Release|Any CPU = Release|Any CPU
	EndGlobalSection
	GlobalSection(ProjectConfigurationPlatforms) = postSolution
		{008AB590-EDCB-47DA-A311-0B6D025BA263}.Debug|Any CPU.ActiveCfg = Debug|Any CPU
		{008AB590-EDCB-47DA-A311-0B6D025BA263}.Debug|Any CPU.Build.0 = Debug|Any CPU
		{008AB590-EDCB-47DA-A311-0B6D025BA263}.Release|Any CPU.ActiveCfg = Release|Any CPU
		{008AB590-EDCB-47DA-A311-0B6D025BA263}.Release|Any CPU.Build.0 = Release|Any CPU
	EndGlobalSection
	GlobalSection(SolutionProperties) = preSolution
		HideSolutionNode = FALSE
	EndGlobalSection
	GlobalSection(ExtensibilityGlobals) = postSolution
		SolutionGuid = {39A6218A-04CB-44CB-843C-8746E543CA4A}
	EndGlobalSection
EndGlobal
